
Microsoft Visual Studio Solution File, Format Version 12.00
# Visual Studio 15
VisualStudioVersion = 15.0.28307.572
MinimumVisualStudioVersion = 10.0.40219.1
Project("{FAE04EC0-301F-11D3-BF4B-00C04F79EFBC}") = "NationalIdValidation", "NationalIdValidation\NationalIdValidation.csproj", "{4A405CDE-04EB-478F-A5F8-E07DFC0FCEEA}"
EndProject
Project("{FAE04EC0-301F-11D3-BF4B-00C04F79EFBC}") = "NationalIdValidation.Tests", "NationalIdValidation.Tests\NationalIdValidation.Tests.csproj", "{7DDB4EB5-B289-4950-A477-70E56E3A4231}"
EndProject
Project("{2150E333-8FDC-42A3-9474-1A3956D46DE8}") = "Solution Items", "Solution Items", "{C380F884-483E-4031-89E0-3A7FB24DB2B9}"
	ProjectSection(SolutionItems) = preProject
		..\.gitignore = ..\.gitignore
		..\LICENSE = ..\LICENSE
		..\README.md = ..\README.md
	EndProjectSection
EndProject
Global
	GlobalSection(SolutionConfigurationPlatforms) = preSolution
		Debug|Any CPU = Debug|Any CPU
		Release|Any CPU = Release|Any CPU
	EndGlobalSection
	GlobalSection(ProjectConfigurationPlatforms) = postSolution
		{4A405CDE-04EB-478F-A5F8-E07DFC0FCEEA}.Debug|Any CPU.ActiveCfg = Debug|Any CPU
		{4A405CDE-04EB-478F-A5F8-E07DFC0FCEEA}.Debug|Any CPU.Build.0 = Debug|Any CPU
		{4A405CDE-04EB-478F-A5F8-E07DFC0FCEEA}.Release|Any CPU.ActiveCfg = Release|Any CPU
		{4A405CDE-04EB-478F-A5F8-E07DFC0FCEEA}.Release|Any CPU.Build.0 = Release|Any CPU
		{7DDB4EB5-B289-4950-A477-70E56E3A4231}.Debug|Any CPU.ActiveCfg = Debug|Any CPU
		{7DDB4EB5-B289-4950-A477-70E56E3A4231}.Debug|Any CPU.Build.0 = Debug|Any CPU
		{7DDB4EB5-B289-4950-A477-70E56E3A4231}.Release|Any CPU.ActiveCfg = Release|Any CPU
		{7DDB4EB5-B289-4950-A477-70E56E3A4231}.Release|Any CPU.Build.0 = Release|Any CPU
	EndGlobalSection
	GlobalSection(SolutionProperties) = preSolution
		HideSolutionNode = FALSE
	EndGlobalSection
	GlobalSection(ExtensibilityGlobals) = postSolution
		SolutionGuid = {AE8971B6-58D3-40BF-8332-ACEB1655937B}
	EndGlobalSection
EndGlobal
